
Microsoft Visual Studio Solution File, Format Version 12.00
# Visual Studio Version 17
VisualStudioVersion = 17.11.35312.102
MinimumVisualStudioVersion = 10.0.40219.1
Project("{FAE04EC0-301F-11D3-BF4B-00C04F79EFBC}") = "Forza4", "Forza4.csproj", "{4403D097-0D58-41C0-8562-986807045A14}"
EndProject
Global
	GlobalSection(SolutionConfigurationPlatforms) = preSolution
		Debug|Any CPU = Debug|Any CPU
		Release|Any CPU = Release|Any CPU
	EndGlobalSection
	GlobalSection(ProjectConfigurationPlatforms) = postSolution
		{4403D097-0D58-41C0-8562-986807045A14}.Debug|Any CPU.ActiveCfg = Debug|Any CPU
		{4403D097-0D58-41C0-8562-986807045A14}.Debug|Any CPU.Build.0 = Debug|Any CPU
		{4403D097-0D58-41C0-8562-986807045A14}.Release|Any CPU.ActiveCfg = Release|Any CPU
		{4403D097-0D58-41C0-8562-986807045A14}.Release|Any CPU.Build.0 = Release|Any CPU
	EndGlobalSection
	GlobalSection(SolutionProperties) = preSolution
		HideSolutionNode = FALSE
	EndGlobalSection
	GlobalSection(ExtensibilityGlobals) = postSolution
		SolutionGuid = {C00CA584-D933-433E-A1C0-0C03EF3087F5}
	EndGlobalSection
EndGlobal
