
Microsoft Visual Studio Solution File, Format Version 12.00
# Visual Studio Version 17
VisualStudioVersion = 17.12.35707.178 d17.12
MinimumVisualStudioVersion = 10.0.40219.1
Project("{FAE04EC0-301F-11D3-BF4B-00C04F79EFBC}") = "notepad--", "notepad--\notepad--.csproj", "{EBFFDD8F-C909-4777-A1AF-257A76626DD6}"
EndProject
Global
	GlobalSection(SolutionConfigurationPlatforms) = preSolution
		Debug|Any CPU = Debug|Any CPU
		Release|Any CPU = Release|Any CPU
	EndGlobalSection
	GlobalSection(ProjectConfigurationPlatforms) = postSolution
		{EBFFDD8F-C909-4777-A1AF-257A76626DD6}.Debug|Any CPU.ActiveCfg = Debug|Any CPU
		{EBFFDD8F-C909-4777-A1AF-257A76626DD6}.Debug|Any CPU.Build.0 = Debug|Any CPU
		{EBFFDD8F-C909-4777-A1AF-257A76626DD6}.Release|Any CPU.ActiveCfg = Release|Any CPU
		{EBFFDD8F-C909-4777-A1AF-257A76626DD6}.Release|Any CPU.Build.0 = Release|Any CPU
	EndGlobalSection
	GlobalSection(SolutionProperties) = preSolution
		HideSolutionNode = FALSE
	EndGlobalSection
EndGlobal
