
Microsoft Visual Studio Solution File, Format Version 12.00
# Visual Studio Version 17
VisualStudioVersion = 17.3.32901.215
MinimumVisualStudioVersion = 10.0.40219.1
Project("{FAE04EC0-301F-11D3-BF4B-00C04F79EFBC}") = "AtloBasso", "AtloBasso.csproj", "{E69E41A5-6679-4805-B26F-D3E4249EF212}"
EndProject
Global
	GlobalSection(SolutionConfigurationPlatforms) = preSolution
		Debug|Any CPU = Debug|Any CPU
		Release|Any CPU = Release|Any CPU
	EndGlobalSection
	GlobalSection(ProjectConfigurationPlatforms) = postSolution
		{E69E41A5-6679-4805-B26F-D3E4249EF212}.Debug|Any CPU.ActiveCfg = Debug|Any CPU
		{E69E41A5-6679-4805-B26F-D3E4249EF212}.Debug|Any CPU.Build.0 = Debug|Any CPU
		{E69E41A5-6679-4805-B26F-D3E4249EF212}.Release|Any CPU.ActiveCfg = Release|Any CPU
		{E69E41A5-6679-4805-B26F-D3E4249EF212}.Release|Any CPU.Build.0 = Release|Any CPU
	EndGlobalSection
	GlobalSection(SolutionProperties) = preSolution
		HideSolutionNode = FALSE
	EndGlobalSection
	GlobalSection(ExtensibilityGlobals) = postSolution
		SolutionGuid = {BB08F7F7-93AF-4001-B95B-1FA9838C8907}
	EndGlobalSection
EndGlobal
