
Microsoft Visual Studio Solution File, Format Version 12.00
# Visual Studio Version 17
VisualStudioVersion = 17.11.35312.102
MinimumVisualStudioVersion = 10.0.40219.1
Project("{FAE04EC0-301F-11D3-BF4B-00C04F79EFBC}") = "Controllo prima e seconda riga matrice", "Controllo prima e seconda riga matrice.csproj", "{5EE44E84-808C-4052-A489-CC88EBD04A90}"
EndProject
Global
	GlobalSection(SolutionConfigurationPlatforms) = preSolution
		Debug|Any CPU = Debug|Any CPU
		Release|Any CPU = Release|Any CPU
	EndGlobalSection
	GlobalSection(ProjectConfigurationPlatforms) = postSolution
		{5EE44E84-808C-4052-A489-CC88EBD04A90}.Debug|Any CPU.ActiveCfg = Debug|Any CPU
		{5EE44E84-808C-4052-A489-CC88EBD04A90}.Debug|Any CPU.Build.0 = Debug|Any CPU
		{5EE44E84-808C-4052-A489-CC88EBD04A90}.Release|Any CPU.ActiveCfg = Release|Any CPU
		{5EE44E84-808C-4052-A489-CC88EBD04A90}.Release|Any CPU.Build.0 = Release|Any CPU
	EndGlobalSection
	GlobalSection(SolutionProperties) = preSolution
		HideSolutionNode = FALSE
	EndGlobalSection
	GlobalSection(ExtensibilityGlobals) = postSolution
		SolutionGuid = {72681FD3-0040-497F-A55B-9EE616B21D3B}
	EndGlobalSection
EndGlobal
