
Microsoft Visual Studio Solution File, Format Version 12.00
# Visual Studio Version 16
VisualStudioVersion = 16.0.29411.108
MinimumVisualStudioVersion = 10.0.40219.1
Project("{FAE04EC0-301F-11D3-BF4B-00C04F79EFBC}") = "Barbero_23_01_25", "Barbero_23_01_25.csproj", "{8065D2BA-B187-4227-8B10-C47E67410C9C}"
EndProject
Global
	GlobalSection(SolutionConfigurationPlatforms) = preSolution
		Debug|Any CPU = Debug|Any CPU
		Release|Any CPU = Release|Any CPU
	EndGlobalSection
	GlobalSection(ProjectConfigurationPlatforms) = postSolution
		{8065D2BA-B187-4227-8B10-C47E67410C9C}.Debug|Any CPU.ActiveCfg = Debug|Any CPU
		{8065D2BA-B187-4227-8B10-C47E67410C9C}.Debug|Any CPU.Build.0 = Debug|Any CPU
		{8065D2BA-B187-4227-8B10-C47E67410C9C}.Release|Any CPU.ActiveCfg = Release|Any CPU
		{8065D2BA-B187-4227-8B10-C47E67410C9C}.Release|Any CPU.Build.0 = Release|Any CPU
	EndGlobalSection
	GlobalSection(SolutionProperties) = preSolution
		HideSolutionNode = FALSE
	EndGlobalSection
	GlobalSection(ExtensibilityGlobals) = postSolution
		SolutionGuid = {FA3E59B7-8DDA-445C-91AE-A20A978F6BB0}
	EndGlobalSection
EndGlobal
