
Microsoft Visual Studio Solution File, Format Version 12.00
# Visual Studio Version 17
VisualStudioVersion = 17.3.32901.215
MinimumVisualStudioVersion = 10.0.40219.1
Project("{FAE04EC0-301F-11D3-BF4B-00C04F79EFBC}") = "Forza4_Console", "Forza4_Console.csproj", "{B4D2BFC0-E10F-4261-8AB2-2AFB112CD897}"
EndProject
Global
	GlobalSection(SolutionConfigurationPlatforms) = preSolution
		Debug|Any CPU = Debug|Any CPU
		Release|Any CPU = Release|Any CPU
	EndGlobalSection
	GlobalSection(ProjectConfigurationPlatforms) = postSolution
		{B4D2BFC0-E10F-4261-8AB2-2AFB112CD897}.Debug|Any CPU.ActiveCfg = Debug|Any CPU
		{B4D2BFC0-E10F-4261-8AB2-2AFB112CD897}.Debug|Any CPU.Build.0 = Debug|Any CPU
		{B4D2BFC0-E10F-4261-8AB2-2AFB112CD897}.Release|Any CPU.ActiveCfg = Release|Any CPU
		{B4D2BFC0-E10F-4261-8AB2-2AFB112CD897}.Release|Any CPU.Build.0 = Release|Any CPU
	EndGlobalSection
	GlobalSection(SolutionProperties) = preSolution
		HideSolutionNode = FALSE
	EndGlobalSection
	GlobalSection(ExtensibilityGlobals) = postSolution
		SolutionGuid = {2F8A6897-8E6A-4007-AA5F-F5719FB31C41}
	EndGlobalSection
EndGlobal
