
Microsoft Visual Studio Solution File, Format Version 12.00
# Visual Studio Version 17
VisualStudioVersion = 17.3.32901.215
MinimumVisualStudioVersion = 10.0.40219.1
Project("{FAE04EC0-301F-11D3-BF4B-00C04F79EFBC}") = "SommaElementiSopraDiagonalePrincipale", "SommaElementiSopraDiagonalePrincipale.csproj", "{A3ADF322-97DF-4A14-BB37-B8D2334A3E63}"
EndProject
Global
	GlobalSection(SolutionConfigurationPlatforms) = preSolution
		Debug|Any CPU = Debug|Any CPU
		Release|Any CPU = Release|Any CPU
	EndGlobalSection
	GlobalSection(ProjectConfigurationPlatforms) = postSolution
		{A3ADF322-97DF-4A14-BB37-B8D2334A3E63}.Debug|Any CPU.ActiveCfg = Debug|Any CPU
		{A3ADF322-97DF-4A14-BB37-B8D2334A3E63}.Debug|Any CPU.Build.0 = Debug|Any CPU
		{A3ADF322-97DF-4A14-BB37-B8D2334A3E63}.Release|Any CPU.ActiveCfg = Release|Any CPU
		{A3ADF322-97DF-4A14-BB37-B8D2334A3E63}.Release|Any CPU.Build.0 = Release|Any CPU
	EndGlobalSection
	GlobalSection(SolutionProperties) = preSolution
		HideSolutionNode = FALSE
	EndGlobalSection
	GlobalSection(ExtensibilityGlobals) = postSolution
		SolutionGuid = {BDA3E133-FFF0-4C7B-AFFE-FDCF5FB3CE44}
	EndGlobalSection
EndGlobal
